// !$*UTF8*$!
{
	archiveVersion = 1;
	classes = {
	};
	objectVersion = 77;
	objects = {

/* Begin PBXBuildFile section */
		1A44E7282D76849A0070F5B0 /* Models in Frameworks */ = {isa = PBXBuildFile; productRef = 1A44E7272D76849A0070F5B0 /* Models */; };
/* End PBXBuildFile section */

/* Begin PBXContainerItemProxy section */
		1A8030C62D71527E000DC0D1 /* PBXContainerItemProxy */ = {
			isa = PBXContainerItemProxy;
			containerPortal = 1A8030AD2D71527D000DC0D1 /* Project object */;
			proxyType = 1;
			remoteGlobalIDString = 1A8030B42D71527D000DC0D1;
			remoteInfo = lunara;
		};
		1A8030D02D71527E000DC0D1 /* PBXContainerItemProxy */ = {
			isa = PBXContainerItemProxy;
			containerPortal = 1A8030AD2D71527D000DC0D1 /* Project object */;
			proxyType = 1;
			remoteGlobalIDString = 1A8030B42D71527D000DC0D1;
			remoteInfo = lunara;
		};
/* End PBXContainerItemProxy section */

/* Begin PBXFileReference section */
		1A0DEDCE2DA426D3008F4260 /* lunara.xcodeproj */ = {isa = PBXFileReference; lastKnownFileType = "wrapper.pb-project"; path = lunara.xcodeproj; sourceTree = "<group>"; };
		1A8030B52D71527D000DC0D1 /* lunara.app */ = {isa = PBXFileReference; explicitFileType = wrapper.application; includeInIndex = 0; path = lunara.app; sourceTree = BUILT_PRODUCTS_DIR; };
		1A8030C52D71527E000DC0D1 /* lunaraTests.xctest */ = {isa = PBXFileReference; explicitFileType = wrapper.cfbundle; includeInIndex = 0; path = lunaraTests.xctest; sourceTree = BUILT_PRODUCTS_DIR; };
		1A8030CF2D71527E000DC0D1 /* lunaraUITests.xctest */ = {isa = PBXFileReference; explicitFileType = wrapper.cfbundle; includeInIndex = 0; path = lunaraUITests.xctest; sourceTree = BUILT_PRODUCTS_DIR; };
		1AC62B1E2DA4266E00F45C85 /* lunara.xcodeproj */ = {isa = PBXFileReference; lastKnownFileType = "wrapper.pb-project"; path = lunara.xcodeproj; sourceTree = "<group>"; };
/* End PBXFileReference section */

/* Begin PBXFileSystemSynchronizedRootGroup section */
		1A8030B72D71527D000DC0D1 /* lunara */ = {
			isa = PBXFileSystemSynchronizedRootGroup;
			path = lunara;
			sourceTree = "<group>";
		};
		1A8030C82D71527E000DC0D1 /* lunaraTests */ = {
			isa = PBXFileSystemSynchronizedRootGroup;
			path = lunaraTests;
			sourceTree = "<group>";
		};
		1A8030D22D71527E000DC0D1 /* lunaraUITests */ = {
			isa = PBXFileSystemSynchronizedRootGroup;
			path = lunaraUITests;
			sourceTree = "<group>";
		};
/* End PBXFileSystemSynchronizedRootGroup section */

/* Begin PBXFrameworksBuildPhase section */
		1A8030B22D71527D000DC0D1 /* Frameworks */ = {
			isa = PBXFrameworksBuildPhase;
			buildActionMask = 2147483647;
			files = (
				1A44E7282D76849A0070F5B0 /* Models in Frameworks */,
			);
			runOnlyForDeploymentPostprocessing = 0;
		};
		1A8030C22D71527E000DC0D1 /* Frameworks */ = {
			isa = PBXFrameworksBuildPhase;
			buildActionMask = 2147483647;
			files = (
			);
			runOnlyForDeploymentPostprocessing = 0;
		};
		1A8030CC2D71527E000DC0D1 /* Frameworks */ = {
			isa = PBXFrameworksBuildPhase;
			buildActionMask = 2147483647;
			files = (
			);
			runOnlyForDeploymentPostprocessing = 0;
		};
/* End PBXFrameworksBuildPhase section */

/* Begin PBXGroup section */
		1A0DEDD22DA426D3008F4260 /* Products */ = {
			isa = PBXGroup;
			name = Products;
			sourceTree = "<group>";
		};
		1A8030AC2D71527D000DC0D1 = {
			isa = PBXGroup;
			children = (
				1A8030B72D71527D000DC0D1 /* lunara */,
				1A8030C82D71527E000DC0D1 /* lunaraTests */,
				1A8030D22D71527E000DC0D1 /* lunaraUITests */,
				1A8030B62D71527D000DC0D1 /* Products */,
			);
			sourceTree = "<group>";
		};
		1A8030B62D71527D000DC0D1 /* Products */ = {
			isa = PBXGroup;
			children = (
				1A8030B52D71527D000DC0D1 /* lunara.app */,
				1A8030C52D71527E000DC0D1 /* lunaraTests.xctest */,
				1A8030CF2D71527E000DC0D1 /* lunaraUITests.xctest */,
			);
			name = Products;
			sourceTree = "<group>";
		};
		1AC62B1F2DA4266E00F45C85 /* Products */ = {
			isa = PBXGroup;
			name = Products;
			sourceTree = "<group>";
		};
/* End PBXGroup section */

/* Begin PBXNativeTarget section */
		1A8030B42D71527D000DC0D1 /* lunara */ = {
			isa = PBXNativeTarget;
			buildConfigurationList = 1A8030D92D71527E000DC0D1 /* Build configuration list for PBXNativeTarget "lunara" */;
			buildPhases = (
				1A8030B12D71527D000DC0D1 /* Sources */,
				1A8030B22D71527D000DC0D1 /* Frameworks */,
				1A8030B32D71527D000DC0D1 /* Resources */,
			);
			buildRules = (
			);
			dependencies = (
			);
			fileSystemSynchronizedGroups = (
				1A8030B72D71527D000DC0D1 /* lunara */,
			);
			name = lunara;
			packageProductDependencies = (
				1A44E7272D76849A0070F5B0 /* Models */,
			);
			productName = lunara;
			productReference = 1A8030B52D71527D000DC0D1 /* lunara.app */;
			productType = "com.apple.product-type.application";
		};
		1A8030C42D71527E000DC0D1 /* lunaraTests */ = {
			isa = PBXNativeTarget;
			buildConfigurationList = 1A8030DC2D71527E000DC0D1 /* Build configuration list for PBXNativeTarget "lunaraTests" */;
			buildPhases = (
				1A8030C12D71527E000DC0D1 /* Sources */,
				1A8030C22D71527E000DC0D1 /* Frameworks */,
				1A8030C32D71527E000DC0D1 /* Resources */,
			);
			buildRules = (
			);
			dependencies = (
				1A8030C72D71527E000DC0D1 /* PBXTargetDependency */,
			);
			fileSystemSynchronizedGroups = (
				1A8030C82D71527E000DC0D1 /* lunaraTests */,
			);
			name = lunaraTests;
			packageProductDependencies = (
			);
			productName = lunaraTests;
			productReference = 1A8030C52D71527E000DC0D1 /* lunaraTests.xctest */;
			productType = "com.apple.product-type.bundle.unit-test";
		};
		1A8030CE2D71527E000DC0D1 /* lunaraUITests */ = {
			isa = PBXNativeTarget;
			buildConfigurationList = 1A8030DF2D71527E000DC0D1 /* Build configuration list for PBXNativeTarget "lunaraUITests" */;
			buildPhases = (
				1A8030CB2D71527E000DC0D1 /* Sources */,
				1A8030CC2D71527E000DC0D1 /* Frameworks */,
				1A8030CD2D71527E000DC0D1 /* Resources */,
			);
			buildRules = (
			);
			dependencies = (
				1A8030D12D71527E000DC0D1 /* PBXTargetDependency */,
			);
			fileSystemSynchronizedGroups = (
				1A8030D22D71527E000DC0D1 /* lunaraUITests */,
			);
			name = lunaraUITests;
			packageProductDependencies = (
			);
			productName = lunaraUITests;
			productReference = 1A8030CF2D71527E000DC0D1 /* lunaraUITests.xctest */;
			productType = "com.apple.product-type.bundle.ui-testing";
		};
/* End PBXNativeTarget section */

/* Begin PBXProject section */
		1A8030AD2D71527D000DC0D1 /* Project object */ = {
			isa = PBXProject;
			attributes = {
				BuildIndependentTargetsInParallel = 1;
				LastSwiftUpdateCheck = 1620;
				LastUpgradeCheck = 1620;
				TargetAttributes = {
					1A8030B42D71527D000DC0D1 = {
						CreatedOnToolsVersion = 16.2;
					};
					1A8030C42D71527E000DC0D1 = {
						CreatedOnToolsVersion = 16.2;
						TestTargetID = 1A8030B42D71527D000DC0D1;
					};
					1A8030CE2D71527E000DC0D1 = {
						CreatedOnToolsVersion = 16.2;
						TestTargetID = 1A8030B42D71527D000DC0D1;
					};
				};
			};
			buildConfigurationList = 1A8030B02D71527D000DC0D1 /* Build configuration list for PBXProject "lunara" */;
			developmentRegion = en;
			hasScannedForEncodings = 0;
			knownRegions = (
				en,
				Base,
			);
			mainGroup = 1A8030AC2D71527D000DC0D1;
			minimizedProjectReferenceProxies = 1;
			packageReferences = (
				1A44E7262D76849A0070F5B0 /* XCLocalSwiftPackageReference "lunara/Models" */,
			);
			preferredProjectObjectVersion = 77;
			productRefGroup = 1A8030B62D71527D000DC0D1 /* Products */;
			projectDirPath = "";
			projectReferences = (
				{
					ProductGroup = 1A0DEDD22DA426D3008F4260 /* Products */;
					ProjectRef = 1A0DEDCE2DA426D3008F4260 /* lunara.xcodeproj */;
				},
				{
					ProductGroup = 1AC62B1F2DA4266E00F45C85 /* Products */;
					ProjectRef = 1AC62B1E2DA4266E00F45C85 /* lunara.xcodeproj */;
				},
			);
			projectRoot = "";
			targets = (
				1A8030B42D71527D000DC0D1 /* lunara */,
				1A8030C42D71527E000DC0D1 /* lunaraTests */,
				1A8030CE2D71527E000DC0D1 /* lunaraUITests */,
			);
		};
/* End PBXProject section */

/* Begin PBXResourcesBuildPhase section */
		1A8030B32D71527D000DC0D1 /* Resources */ = {
			isa = PBXResourcesBuildPhase;
			buildActionMask = 2147483647;
			files = (
			);
			runOnlyForDeploymentPostprocessing = 0;
		};
		1A8030C32D71527E000DC0D1 /* Resources */ = {
			isa = PBXResourcesBuildPhase;
			buildActionMask = 2147483647;
			files = (
			);
			runOnlyForDeploymentPostprocessing = 0;
		};
		1A8030CD2D71527E000DC0D1 /* Resources */ = {
			isa = PBXResourcesBuildPhase;
			buildActionMask = 2147483647;
			files = (
			);
			runOnlyForDeploymentPostprocessing = 0;
		};
/* End PBXResourcesBuildPhase section */

/* Begin PBXSourcesBuildPhase section */
		1A8030B12D71527D000DC0D1 /* Sources */ = {
			isa = PBXSourcesBuildPhase;
			buildActionMask = 2147483647;
			files = (
			);
			runOnlyForDeploymentPostprocessing = 0;
		};
		1A8030C12D71527E000DC0D1 /* Sources */ = {
			isa = PBXSourcesBuildPhase;
			buildActionMask = 2147483647;
			files = (
			);
			runOnlyForDeploymentPostprocessing = 0;
		};
		1A8030CB2D71527E000DC0D1 /* Sources */ = {
			isa = PBXSourcesBuildPhase;
			buildActionMask = 2147483647;
			files = (
			);
			runOnlyForDeploymentPostprocessing = 0;
		};
/* End PBXSourcesBuildPhase section */

/* Begin PBXTargetDependency section */
		1A8030C72D71527E000DC0D1 /* PBXTargetDependency */ = {
			isa = PBXTargetDependency;
			target = 1A8030B42D71527D000DC0D1 /* lunara */;
			targetProxy = 1A8030C62D71527E000DC0D1 /* PBXContainerItemProxy */;
		};
		1A8030D12D71527E000DC0D1 /* PBXTargetDependency */ = {
			isa = PBXTargetDependency;
			target = 1A8030B42D71527D000DC0D1 /* lunara */;
			targetProxy = 1A8030D02D71527E000DC0D1 /* PBXContainerItemProxy */;
		};
/* End PBXTargetDependency section */

/* Begin XCBuildConfiguration section */
		1A8030D72D71527E000DC0D1 /* Debug */ = {
			isa = XCBuildConfiguration;
			buildSettings = {
				ALWAYS_SEARCH_USER_PATHS = NO;
				ASSETCATALOG_COMPILER_GENERATE_SWIFT_ASSET_SYMBOL_EXTENSIONS = YES;
				CLANG_ANALYZER_NONNULL = YES;
				CLANG_ANALYZER_NUMBER_OBJECT_CONVERSION = YES_AGGRESSIVE;
				CLANG_CXX_LANGUAGE_STANDARD = "gnu++20";
				CLANG_ENABLE_MODULES = YES;
				CLANG_ENABLE_OBJC_ARC = YES;
				CLANG_ENABLE_OBJC_WEAK = YES;
				CLANG_WARN_BLOCK_CAPTURE_AUTORELEASING = YES;
				CLANG_WARN_BOOL_CONVERSION = YES;
				CLANG_WARN_COMMA = YES;
				CLANG_WARN_CONSTANT_CONVERSION = YES;
				CLANG_WARN_DEPRECATED_OBJC_IMPLEMENTATIONS = YES;
				CLANG_WARN_DIRECT_OBJC_ISA_USAGE = YES_ERROR;
				CLANG_WARN_DOCUMENTATION_COMMENTS = YES;
				CLANG_WARN_EMPTY_BODY = YES;
				CLANG_WARN_ENUM_CONVERSION = YES;
				CLANG_WARN_INFINITE_RECURSION = YES;
				CLANG_WARN_INT_CONVERSION = YES;
				CLANG_WARN_NON_LITERAL_NULL_CONVERSION = YES;
				CLANG_WARN_OBJC_IMPLICIT_RETAIN_SELF = YES;
				CLANG_WARN_OBJC_LITERAL_CONVERSION = YES;
				CLANG_WARN_OBJC_ROOT_CLASS = YES_ERROR;
				CLANG_WARN_QUOTED_INCLUDE_IN_FRAMEWORK_HEADER = YES;
				CLANG_WARN_RANGE_LOOP_ANALYSIS = YES;
				CLANG_WARN_STRICT_PROTOTYPES = YES;
				CLANG_WARN_SUSPICIOUS_MOVE = YES;
				CLANG_WARN_UNGUARDED_AVAILABILITY = YES_AGGRESSIVE;
				CLANG_WARN_UNREACHABLE_CODE = YES;
				CLANG_WARN__DUPLICATE_METHOD_MATCH = YES;
				COPY_PHASE_STRIP = NO;
				DEBUG_INFORMATION_FORMAT = dwarf;
				ENABLE_STRICT_OBJC_MSGSEND = YES;
				ENABLE_TESTABILITY = YES;
				ENABLE_USER_SCRIPT_SANDBOXING = YES;
				GCC_C_LANGUAGE_STANDARD = gnu17;
				GCC_DYNAMIC_NO_PIC = NO;
				GCC_NO_COMMON_BLOCKS = YES;
				GCC_OPTIMIZATION_LEVEL = 0;
				GCC_PREPROCESSOR_DEFINITIONS = (
					"DEBUG=1",
					"$(inherited)",
				);
				GCC_WARN_64_TO_32_BIT_CONVERSION = YES;
				GCC_WARN_ABOUT_RETURN_TYPE = YES_ERROR;
				GCC_WARN_UNDECLARED_SELECTOR = YES;
				GCC_WARN_UNINITIALIZED_AUTOS = YES_AGGRESSIVE;
				GCC_WARN_UNUSED_FUNCTION = YES;
				GCC_WARN_UNUSED_VARIABLE = YES;
				IPHONEOS_DEPLOYMENT_TARGET = 18.2;
				LOCALIZATION_PREFERS_STRING_CATALOGS = YES;
				MTL_ENABLE_DEBUG_INFO = INCLUDE_SOURCE;
				MTL_FAST_MATH = YES;
				ONLY_ACTIVE_ARCH = YES;
				SDKROOT = iphoneos;
				SWIFT_ACTIVE_COMPILATION_CONDITIONS = "DEBUG $(inherited)";
				SWIFT_OPTIMIZATION_LEVEL = "-Onone";
			};
			name = Debug;
		};
		1A8030D82D71527E000DC0D1 /* Release */ = {
			isa = XCBuildConfiguration;
			buildSettings = {
				ALWAYS_SEARCH_USER_PATHS = NO;
				ASSETCATALOG_COMPILER_GENERATE_SWIFT_ASSET_SYMBOL_EXTENSIONS = YES;
				CLANG_ANALYZER_NONNULL = YES;
				CLANG_ANALYZER_NUMBER_OBJECT_CONVERSION = YES_AGGRESSIVE;
				CLANG_CXX_LANGUAGE_STANDARD = "gnu++20";
				CLANG_ENABLE_MODULES = YES;
				CLANG_ENABLE_OBJC_ARC = YES;
				CLANG_ENABLE_OBJC_WEAK = YES;
				CLANG_WARN_BLOCK_CAPTURE_AUTORELEASING = YES;
				CLANG_WARN_BOOL_CONVERSION = YES;
				CLANG_WARN_COMMA = YES;
				CLANG_WARN_CONSTANT_CONVERSION = YES;
				CLANG_WARN_DEPRECATED_OBJC_IMPLEMENTATIONS = YES;
				CLANG_WARN_DIRECT_OBJC_ISA_USAGE = YES_ERROR;
				CLANG_WARN_DOCUMENTATION_COMMENTS = YES;
				CLANG_WARN_EMPTY_BODY = YES;
				CLANG_WARN_ENUM_CONVERSION = YES;
				CLANG_WARN_INFINITE_RECURSION = YES;
				CLANG_WARN_INT_CONVERSION = YES;
				CLANG_WARN_NON_LITERAL_NULL_CONVERSION = YES;
				CLANG_WARN_OBJC_IMPLICIT_RETAIN_SELF = YES;
				CLANG_WARN_OBJC_LITERAL_CONVERSION = YES;
				CLANG_WARN_OBJC_ROOT_CLASS = YES_ERROR;
				CLANG_WARN_QUOTED_INCLUDE_IN_FRAMEWORK_HEADER = YES;
				CLANG_WARN_RANGE_LOOP_ANALYSIS = YES;
				CLANG_WARN_STRICT_PROTOTYPES = YES;
				CLANG_WARN_SUSPICIOUS_MOVE = YES;
				CLANG_WARN_UNGUARDED_AVAILABILITY = YES_AGGRESSIVE;
				CLANG_WARN_UNREACHABLE_CODE = YES;
				CLANG_WARN__DUPLICATE_METHOD_MATCH = YES;
				COPY_PHASE_STRIP = NO;
				DEBUG_INFORMATION_FORMAT = "dwarf-with-dsym";
				ENABLE_NS_ASSERTIONS = NO;
				ENABLE_STRICT_OBJC_MSGSEND = YES;
				ENABLE_USER_SCRIPT_SANDBOXING = YES;
				GCC_C_LANGUAGE_STANDARD = gnu17;
				GCC_NO_COMMON_BLOCKS = YES;
				GCC_WARN_64_TO_32_BIT_CONVERSION = YES;
				GCC_WARN_ABOUT_RETURN_TYPE = YES_ERROR;
				GCC_WARN_UNDECLARED_SELECTOR = YES;
				GCC_WARN_UNINITIALIZED_AUTOS = YES_AGGRESSIVE;
				GCC_WARN_UNUSED_FUNCTION = YES;
				GCC_WARN_UNUSED_VARIABLE = YES;
				IPHONEOS_DEPLOYMENT_TARGET = 18.2;
				LOCALIZATION_PREFERS_STRING_CATALOGS = YES;
				MTL_ENABLE_DEBUG_INFO = NO;
				MTL_FAST_MATH = YES;
				SDKROOT = iphoneos;
				SWIFT_COMPILATION_MODE = wholemodule;
				VALIDATE_PRODUCT = YES;
			};
			name = Release;
		};
		1A8030DA2D71527E000DC0D1 /* Debug */ = {
			isa = XCBuildConfiguration;
			buildSettings = {
				ASSETCATALOG_COMPILER_APPICON_NAME = AppIcon;
				ASSETCATALOG_COMPILER_GLOBAL_ACCENT_COLOR_NAME = AccentColor;
				CODE_SIGN_STYLE = Automatic;
				CURRENT_PROJECT_VERSION = 1;
				DEVELOPMENT_ASSET_PATHS = "\"lunara/Preview Content\"";
				DEVELOPMENT_TEAM = 4SFWS96Q5D;
				ENABLE_PREVIEWS = YES;
				GENERATE_INFOPLIST_FILE = YES;
				INFOPLIST_KEY_CFBundleDisplayName = Lunara;
				INFOPLIST_KEY_LSApplicationCategoryType = "public.app-category.healthcare-fitness";
				INFOPLIST_KEY_UIApplicationSceneManifest_Generation = YES;
				INFOPLIST_KEY_UIApplicationSupportsIndirectInputEvents = YES;
				INFOPLIST_KEY_UILaunchScreen_Generation = YES;
				INFOPLIST_KEY_UIStatusBarHidden = YES;
				INFOPLIST_KEY_UISupportedInterfaceOrientations = UIInterfaceOrientationPortrait;
				IPHONEOS_DEPLOYMENT_TARGET = 17.0;
				LD_RUNPATH_SEARCH_PATHS = (
					"$(inherited)",
					"@executable_path/Frameworks",
				);
				MARKETING_VERSION = 0.1.2;
				PRODUCT_BUNDLE_IDENTIFIER = com.multumgroup.lunara;
				PRODUCT_NAME = "$(TARGET_NAME)";
				SUPPORTED_PLATFORMS = "iphoneos iphonesimulator";
				SUPPORTS_MACCATALYST = NO;
				SUPPORTS_XR_DESIGNED_FOR_IPHONE_IPAD = NO;
				SWIFT_EMIT_LOC_STRINGS = YES;
				SWIFT_VERSION = 5.0;
				TARGETED_DEVICE_FAMILY = 1;
			};
			name = Debug;
		};
		1A8030DB2D71527E000DC0D1 /* Release */ = {
			isa = XCBuildConfiguration;
			buildSettings = {
				ASSETCATALOG_COMPILER_APPICON_NAME = AppIcon;
				ASSETCATALOG_COMPILER_GLOBAL_ACCENT_COLOR_NAME = AccentColor;
				CODE_SIGN_STYLE = Automatic;
				CURRENT_PROJECT_VERSION = 1;
				DEVELOPMENT_ASSET_PATHS = "\"lunara/Preview Content\"";
				DEVELOPMENT_TEAM = 4SFWS96Q5D;
				ENABLE_PREVIEWS = YES;
				GENERATE_INFOPLIST_FILE = YES;
				INFOPLIST_KEY_CFBundleDisplayName = Lunara;
				INFOPLIST_KEY_LSApplicationCategoryType = "public.app-category.healthcare-fitness";
				INFOPLIST_KEY_UIApplicationSceneManifest_Generation = YES;
				INFOPLIST_KEY_UIApplicationSupportsIndirectInputEvents = YES;
				INFOPLIST_KEY_UILaunchScreen_Generation = YES;
				INFOPLIST_KEY_UIStatusBarHidden = YES;
				INFOPLIST_KEY_UISupportedInterfaceOrientations = UIInterfaceOrientationPortrait;
				IPHONEOS_DEPLOYMENT_TARGET = 17.0;
				LD_RUNPATH_SEARCH_PATHS = (
					"$(inherited)",
					"@executable_path/Frameworks",
				);
				MARKETING_VERSION = 0.1.2;
				PRODUCT_BUNDLE_IDENTIFIER = com.multumgroup.lunara;
				PRODUCT_NAME = "$(TARGET_NAME)";
				SUPPORTED_PLATFORMS = "iphoneos iphonesimulator";
				SUPPORTS_MACCATALYST = NO;
				SUPPORTS_XR_DESIGNED_FOR_IPHONE_IPAD = NO;
				SWIFT_EMIT_LOC_STRINGS = YES;
				SWIFT_VERSION = 5.0;
				TARGETED_DEVICE_FAMILY = 1;
			};
			name = Release;
		};
		1A8030DD2D71527E000DC0D1 /* Debug */ = {
			isa = XCBuildConfiguration;
			buildSettings = {
				BUNDLE_LOADER = "$(TEST_HOST)";
				CODE_SIGN_STYLE = Automatic;
				CURRENT_PROJECT_VERSION = 1;
				DEVELOPMENT_TEAM = 4SFWS96Q5D;
				GENERATE_INFOPLIST_FILE = YES;
				IPHONEOS_DEPLOYMENT_TARGET = 18.2;
				MARKETING_VERSION = 1.0;
				PRODUCT_BUNDLE_IDENTIFIER = com.multumgroup.lunaraTests;
				PRODUCT_NAME = "$(TARGET_NAME)";
				SWIFT_EMIT_LOC_STRINGS = NO;
				SWIFT_VERSION = 5.0;
				TARGETED_DEVICE_FAMILY = "1,2";
				TEST_HOST = "$(BUILT_PRODUCTS_DIR)/lunara.app/$(BUNDLE_EXECUTABLE_FOLDER_PATH)/lunara";
			};
			name = Debug;
		};
		1A8030DE2D71527E000DC0D1 /* Release */ = {
			isa = XCBuildConfiguration;
			buildSettings = {
				BUNDLE_LOADER = "$(TEST_HOST)";
				CODE_SIGN_STYLE = Automatic;
				CURRENT_PROJECT_VERSION = 1;
				DEVELOPMENT_TEAM = 4SFWS96Q5D;
				GENERATE_INFOPLIST_FILE = YES;
				IPHONEOS_DEPLOYMENT_TARGET = 18.2;
				MARKETING_VERSION = 1.0;
				PRODUCT_BUNDLE_IDENTIFIER = com.multumgroup.lunaraTests;
				PRODUCT_NAME = "$(TARGET_NAME)";
				SWIFT_EMIT_LOC_STRINGS = NO;
				SWIFT_VERSION = 5.0;
				TARGETED_DEVICE_FAMILY = "1,2";
				TEST_HOST = "$(BUILT_PRODUCTS_DIR)/lunara.app/$(BUNDLE_EXECUTABLE_FOLDER_PATH)/lunara";
			};
			name = Release;
		};
		1A8030E02D71527E000DC0D1 /* Debug */ = {
			isa = XCBuildConfiguration;
			buildSettings = {
				CODE_SIGN_STYLE = Automatic;
				CURRENT_PROJECT_VERSION = 1;
				DEVELOPMENT_TEAM = 4SFWS96Q5D;
				GENERATE_INFOPLIST_FILE = YES;
				MARKETING_VERSION = 1.0;
				PRODUCT_BUNDLE_IDENTIFIER = com.multumgroup.lunaraUITests;
				PRODUCT_NAME = "$(TARGET_NAME)";
				SWIFT_EMIT_LOC_STRINGS = NO;
				SWIFT_VERSION = 5.0;
				TARGETED_DEVICE_FAMILY = "1,2";
				TEST_TARGET_NAME = lunara;
			};
			name = Debug;
		};
		1A8030E12D71527E000DC0D1 /* Release */ = {
			isa = XCBuildConfiguration;
			buildSettings = {
				CODE_SIGN_STYLE = Automatic;
				CURRENT_PROJECT_VERSION = 1;
				DEVELOPMENT_TEAM = 4SFWS96Q5D;
				GENERATE_INFOPLIST_FILE = YES;
				MARKETING_VERSION = 1.0;
				PRODUCT_BUNDLE_IDENTIFIER = com.multumgroup.lunaraUITests;
				PRODUCT_NAME = "$(TARGET_NAME)";
				SWIFT_EMIT_LOC_STRINGS = NO;
				SWIFT_VERSION = 5.0;
				TARGETED_DEVICE_FAMILY = "1,2";
				TEST_TARGET_NAME = lunara;
			};
			name = Release;
		};
/* End XCBuildConfiguration section */

/* Begin XCConfigurationList section */
		1A8030B02D71527D000DC0D1 /* Build configuration list for PBXProject "lunara" */ = {
			isa = XCConfigurationList;
			buildConfigurations = (
				1A8030D72D71527E000DC0D1 /* Debug */,
				1A8030D82D71527E000DC0D1 /* Release */,
			);
			defaultConfigurationIsVisible = 0;
			defaultConfigurationName = Release;
		};
		1A8030D92D71527E000DC0D1 /* Build configuration list for PBXNativeTarget "lunara" */ = {
			isa = XCConfigurationList;
			buildConfigurations = (
				1A8030DA2D71527E000DC0D1 /* Debug */,
				1A8030DB2D71527E000DC0D1 /* Release */,
			);
			defaultConfigurationIsVisible = 0;
			defaultConfigurationName = Release;
		};
		1A8030DC2D71527E000DC0D1 /* Build configuration list for PBXNativeTarget "lunaraTests" */ = {
			isa = XCConfigurationList;
			buildConfigurations = (
				1A8030DD2D71527E000DC0D1 /* Debug */,
				1A8030DE2D71527E000DC0D1 /* Release */,
			);
			defaultConfigurationIsVisible = 0;
			defaultConfigurationName = Release;
		};
		1A8030DF2D71527E000DC0D1 /* Build configuration list for PBXNativeTarget "lunaraUITests" */ = {
			isa = XCConfigurationList;
			buildConfigurations = (
				1A8030E02D71527E000DC0D1 /* Debug */,
				1A8030E12D71527E000DC0D1 /* Release */,
			);
			defaultConfigurationIsVisible = 0;
			defaultConfigurationName = Release;
		};
/* End XCConfigurationList section */

/* Begin XCLocalSwiftPackageReference section */
		1A44E7262D76849A0070F5B0 /* XCLocalSwiftPackageReference "lunara/Models" */ = {
			isa = XCLocalSwiftPackageReference;
			relativePath = lunara/Models;
		};
/* End XCLocalSwiftPackageReference section */

/* Begin XCSwiftPackageProductDependency section */
		1A44E7272D76849A0070F5B0 /* Models */ = {
			isa = XCSwiftPackageProductDependency;
			productName = Models;
		};
/* End XCSwiftPackageProductDependency section */
	};
	rootObject = 1A8030AD2D71527D000DC0D1 /* Project object */;
}
